{
  "version": 4,
  "terraform_version": "1.3.0",
  "serial": 15,
  "lineage": "a7f3c8e9-4b2d-4c3a-9f1e-8d6c5a4b3e2f",
  "outputs": {},
  "resources": [
    {
      "mode": "managed",
      "type": "aws_instance",
      "name": "web_server_1",
      "provider": "provider[\"registry.terraform.io/hashicorp/aws\"]",
      "instances": [
        {
          "schema_version": 1,
          "attributes": {
            "id": "i-0a1b2c3d4e5f6g7h8",
            "ami": "ami-0c55b159cbfafe1f0",
            "instance_type": "t3.medium",
            "availability_zone": "us-east-1a",
            "private_ip": "10.0.1.10",
            "tags": {
              "Name": "web-server-1",
              "Environment": "dev",
              "Owner": "platform-team@example.com"
            }
          },
          "private": "eyJzY2hlbWFfdmVyc2lvbiI6IjEifQ==",
          "created": "2023-03-15T10:30:00Z"
        }
      ]
    },
    {
      "mode": "managed",
      "type": "aws_instance",
      "name": "web_server_2",
      "provider": "provider[\"registry.terraform.io/hashicorp/aws\"]",
      "instances": [
        {
          "schema_version": 1,
          "attributes": {
            "id": "i-1b2c3d4e5f6g7h8i9",
            "ami": "ami-0c55b159cbfafe1f0",
            "instance_type": "t3.medium",
            "availability_zone": "us-east-1b",
            "private_ip": "10.0.2.10",
            "tags": {
              "Name": "web-server-2",
              "Environment": "dev",
              "Owner": "platform-team@example.com",
              "CostCenter": "engineering-dev"
            }
          },
          "private": "eyJzY2hlbWFfdmVyc2lvbiI6IjEifQ==",
          "created": "2023-03-15T10:35:00Z"
        }
      ]
    },
    {
      "mode": "managed",
      "type": "aws_instance",
      "name": "app_server_1",
      "provider": "provider[\"registry.terraform.io/hashicorp/aws\"]",
      "instances": [
        {
          "schema_version": 1,
          "attributes": {
            "id": "i-2c3d4e5f6g7h8i9j0",
            "ami": "ami-0abcdef1234567890",
            "instance_type": "t3.large",
            "availability_zone": "us-east-1a",
            "private_ip": "10.0.1.20",
            "tags": {
              "Name": "app-server-1",
              "CostCenter": "engineering-dev"
            }
          },
          "private": "eyJzY2hlbWFfdmVyc2lvbiI6IjEifQ==",
          "created": "2023-04-20T14:22:00Z"
        }
      ]
    },
    {
      "mode": "managed",
      "type": "aws_instance",
      "name": "batch_processor",
      "provider": "provider[\"registry.terraform.io/hashicorp/aws\"]",
      "instances": [
        {
          "schema_version": 1,
          "attributes": {
            "id": "i-3d4e5f6g7h8i9j0k1",
            "ami": "ami-0123456789abcdef0",
            "instance_type": "c5.xlarge",
            "availability_zone": "us-east-1c",
            "private_ip": "10.0.3.15",
            "tags": {
              "Name": "batch-processor"
            }
          },
          "private": "eyJzY2hlbWFfdmVyc2lvbiI6IjEifQ==",
          "created": "2023-05-10T09:15:00Z"
        }
      ]
    },
    {
      "mode": "managed",
      "type": "aws_instance",
      "name": "legacy_server",
      "provider": "provider[\"registry.terraform.io/hashicorp/aws\"]",
      "instances": [
        {
          "schema_version": 1,
          "attributes": {
            "id": "i-4e5f6g7h8i9j0k1l2",
            "ami": "ami-0fedcba9876543210",
            "instance_type": "t2.micro",
            "availability_zone": "us-east-1a",
            "private_ip": "10.0.1.50",
            "tags": {
              "Name": "legacy-server",
              "Owner": "legacy-team@example.com"
            }
          },
          "private": "eyJzY2hlbWFfdmVyc2lvbiI6IjEifQ==",
          "created": "2023-02-05T08:45:00Z"
        }
      ]
    },
    {
      "mode": "managed",
      "type": "aws_s3_bucket",
      "name": "application_data",
      "provider": "provider[\"registry.terraform.io/hashicorp/aws\"]",
      "instances": [
        {
          "schema_version": 0,
          "attributes": {
            "id": "dev-app-data-bucket-2023",
            "bucket": "dev-app-data-bucket-2023",
            "region": "us-east-1",
            "acl": "private",
            "versioning": {
              "enabled": true
            },
            "tags": {
              "Name": "Application Data Bucket",
              "Environment": "dev",
              "Owner": "data-team@example.com",
              "CostCenter": "engineering-dev"
            }
          },
          "private": "eyJzY2hlbWFfdmVyc2lvbiI6IjAifQ==",
          "created": "2023-03-01T12:00:00Z"
        }
      ]
    },
    {
      "mode": "managed",
      "type": "aws_s3_bucket",
      "name": "logs_bucket",
      "provider": "provider[\"registry.terraform.io/hashicorp/aws\"]",
      "instances": [
        {
          "schema_version": 0,
          "attributes": {
            "id": "dev-logs-bucket-2023",
            "bucket": "dev-logs-bucket-2023",
            "region": "us-east-1",
            "acl": "private",
            "tags": {
              "Name": "Logs Bucket",
              "Environment": "dev"
            }
          },
          "private": "eyJzY2hlbWFfdmVyc2lvbiI6IjAifQ==",
          "created": "2023-03-05T13:30:00Z"
        }
      ]
    },
    {
      "mode": "managed",
      "type": "aws_s3_bucket",
      "name": "backup_bucket",
      "provider": "provider[\"registry.terraform.io/hashicorp/aws\"]",
      "instances": [
        {
          "schema_version": 0,
          "attributes": {
            "id": "dev-backup-bucket-2023",
            "bucket": "dev-backup-bucket-2023",
            "region": "us-east-1",
            "acl": "private",
            "versioning": {
              "enabled": true
            },
            "tags": {
              "Name": "Backup Bucket",
              "CostCenter": "operations"
            }
          },
          "private": "eyJzY2hlbWFfdmVyc2lvbiI6IjAifQ==",
          "created": "2023-04-12T11:20:00Z"
        }
      ]
    },
    {
      "mode": "managed",
      "type": "aws_security_group",
      "name": "web_sg",
      "provider": "provider[\"registry.terraform.io/hashicorp/aws\"]",
      "instances": [
        {
          "schema_version": 1,
          "attributes": {
            "id": "sg-0a1b2c3d4e5f6g7h8",
            "name": "web-security-group",
            "description": "Security group for web servers",
            "vpc_id": "vpc-0123456789abcdef0",
            "ingress": [
              {
                "from_port": 80,
                "to_port": 80,
                "protocol": "tcp",
                "cidr_blocks": ["0.0.0.0/0"]
              },
              {
                "from_port": 443,
                "to_port": 443,
                "protocol": "tcp",
                "cidr_blocks": ["0.0.0.0/0"]
              }
            ],
            "egress": [
              {
                "from_port": 0,
                "to_port": 0,
                "protocol": "-1",
                "cidr_blocks": ["0.0.0.0/0"]
              }
            ],
            "tags": {
              "Name": "web-sg",
              "Environment": "dev",
              "Owner": "security-team@example.com",
              "CostCenter": "engineering-dev"
            }
          },
          "private": "eyJzY2hlbWFfdmVyc2lvbiI6IjEifQ==",
          "created": "2023-03-10T09:00:00Z"
        }
      ]
    },
    {
      "mode": "managed",
      "type": "aws_security_group",
      "name": "app_sg",
      "provider": "provider[\"registry.terraform.io/hashicorp/aws\"]",
      "instances": [
        {
          "schema_version": 1,
          "attributes": {
            "id": "sg-1b2c3d4e5f6g7h8i9",
            "name": "app-security-group",
            "description": "Security group for application servers",
            "vpc_id": "vpc-0123456789abcdef0",
            "ingress": [
              {
                "from_port": 8080,
                "to_port": 8080,
                "protocol": "tcp",
                "cidr_blocks": ["10.0.0.0/16"]
              }
            ],
            "egress": [
              {
                "from_port": 0,
                "to_port": 0,
                "protocol": "-1",
                "cidr_blocks": ["0.0.0.0/0"]
              }
            ],
            "tags": {
              "Name": "app-sg",
              "Environment": "dev"
            }
          },
          "private": "eyJzY2hlbWFfdmVyc2lvbiI6IjEifQ==",
          "created": "2023-03-10T09:15:00Z"
        }
      ]
    },
    {
      "mode": "managed",
      "type": "aws_security_group",
      "name": "db_sg",
      "provider": "provider[\"registry.terraform.io/hashicorp/aws\"]",
      "instances": [
        {
          "schema_version": 1,
          "attributes": {
            "id": "sg-2c3d4e5f6g7h8i9j0",
            "name": "database-security-group",
            "description": "Security group for database servers",
            "vpc_id": "vpc-0123456789abcdef0",
            "ingress": [
              {
                "from_port": 5432,
                "to_port": 5432,
                "protocol": "tcp",
                "cidr_blocks": ["10.0.0.0/16"]
              }
            ],
            "egress": [
              {
                "from_port": 0,
                "to_port": 0,
                "protocol": "-1",
                "cidr_blocks": ["0.0.0.0/0"]
              }
            ],
            "tags": {
              "Name": "db-sg",
              "Owner": "database-team@example.com"
            }
          },
          "private": "eyJzY2hlbWFfdmVyc2lvbiI6IjEifQ==",
          "created": "2023-03-12T10:30:00Z"
        }
      ]
    },
    {
      "mode": "managed",
      "type": "aws_security_group",
      "name": "internal_sg",
      "provider": "provider[\"registry.terraform.io/hashicorp/aws\"]",
      "instances": [
        {
          "schema_version": 1,
          "attributes": {
            "id": "sg-3d4e5f6g7h8i9j0k1",
            "name": "internal-security-group",
            "description": "Security group for internal communication",
            "vpc_id": "vpc-0123456789abcdef0",
            "ingress": [
              {
                "from_port": 0,
                "to_port": 65535,
                "protocol": "tcp",
                "cidr_blocks": ["10.0.0.0/16"]
              }
            ],
            "egress": [
              {
                "from_port": 0,
                "to_port": 0,
                "protocol": "-1",
                "cidr_blocks": ["0.0.0.0/0"]
              }
            ],
            "tags": {
              "Name": "internal-sg"
            }
          },
          "private": "eyJzY2hlbWFfdmVyc2lvbiI6IjEifQ==",
          "created": "2023-03-14T15:45:00Z"
        }
      ]
    },
    {
      "mode": "managed",
      "type": "aws_rds_instance",
      "name": "primary_db",
      "provider": "provider[\"registry.terraform.io/hashicorp/aws\"]",
      "instances": [
        {
          "schema_version": 1,
          "attributes": {
            "id": "db-primary-dev-instance",
            "identifier": "primary-db-dev",
            "engine": "postgres",
            "engine_version": "14.6",
            "instance_class": "db.t3.medium",
            "allocated_storage": 100,
            "storage_type": "gp2",
            "database_name": "appdb",
            "username": "admin",
            "multi_az": false,
            "tags": {
              "Name": "Primary Database",
              "Environment": "dev",
              "Owner": "database-team@example.com",
              "CostCenter": "engineering-dev"
            }
          },
          "private": "eyJzY2hlbWFfdmVyc2lvbiI6IjEifQ==",
          "created": "2023-03-18T11:00:00Z"
        }
      ]
    },
    {
      "mode": "managed",
      "type": "aws_rds_instance",
      "name": "analytics_db",
      "provider": "provider[\"registry.terraform.io/hashicorp/aws\"]",
      "instances": [
        {
          "schema_version": 1,
          "attributes": {
            "id": "db-analytics-dev-instance",
            "identifier": "analytics-db-dev",
            "engine": "postgres",
            "engine_version": "14.6",
            "instance_class": "db.t3.large",
            "allocated_storage": 200,
            "storage_type": "gp2",
            "database_name": "analyticsdb",
            "username": "admin",
            "multi_az": false,
            "tags": {
              "Name": "Analytics Database",
              "Environment": "dev"
            }
          },
          "private": "eyJzY2hlbWFfdmVyc2lvbiI6IjEifQ==",
          "created": "2023-04-25T14:30:00Z"
        }
      ]
    },
    {
      "mode": "managed",
      "type": "aws_rds_instance",
      "name": "cache_db",
      "provider": "provider[\"registry.terraform.io/hashicorp/aws\"]",
      "instances": [
        {
          "schema_version": 1,
          "attributes": {
            "id": "db-cache-dev-instance",
            "identifier": "cache-db-dev",
            "engine": "mysql",
            "engine_version": "8.0.28",
            "instance_class": "db.t3.small",
            "allocated_storage": 50,
            "storage_type": "gp2",
            "database_name": "cachedb",
            "username": "admin",
            "multi_az": false,
            "tags": {
              "Name": "Cache Database",
              "CostCenter": "engineering-dev"
            }
          },
          "private": "eyJzY2hlbWFfdmVyc2lvbiI6IjEifQ==",
          "created": "2023-05-15T16:20:00Z"
        }
      ]
    },
    {
      "mode": "managed",
      "type": "aws_vpc",
      "name": "main",
      "provider": "provider[\"registry.terraform.io/hashicorp/aws\"]",
      "instances": [
        {
          "schema_version": 1,
          "attributes": {
            "id": "vpc-0123456789abcdef0",
            "cidr_block": "10.0.0.0/16",
            "enable_dns_hostnames": true,
            "enable_dns_support": true,
            "tags": {
              "Name": "main-vpc-dev",
              "Environment": "dev",
              "Owner": "network-team@example.com",
              "CostCenter": "infrastructure"
            }
          },
          "private": "eyJzY2hlbWFfdmVyc2lvbiI6IjEifQ==",
          "created": "2023-03-01T08:00:00Z"
        }
      ]
    },
    {
      "mode": "managed",
      "type": "aws_vpc",
      "name": "secondary",
      "provider": "provider[\"registry.terraform.io/hashicorp/aws\"]",
      "instances": [
        {
          "schema_version": 1,
          "attributes": {
            "id": "vpc-0fedcba9876543210",
            "cidr_block": "10.1.0.0/16",
            "enable_dns_hostnames": true,
            "enable_dns_support": true,
            "tags": {
              "Name": "secondary-vpc-dev",
              "Owner": "network-team@example.com"
            }
          },
          "private": "eyJzY2hlbWFfdmVyc2lvbiI6IjEifQ==",
          "created": "2023-06-01T10:15:00Z"
        }
      ]
    }
  ]
}