{
  "version": 3,
  "terraform_version": "1.0.0",
  "serial": 23,
  "lineage": "a7f3e9c2-4d8b-11ee-be56-0242ac120002",
  "modules": [
    {
      "path": ["root"],
      "outputs": {},
      "resources": {
        "aws_instance.web-server-1": {
          "type": "aws_instance",
          "depends_on": [],
          "primary": {
            "id": "i-0a1b2c3d4e5f6g7h8",
            "attributes": {
              "ami": "ami-0c55b159cbfafe1f0",
              "instance_type": "t2.micro",
              "availability_zone": "us-east-1a",
              "private_ip": "10.0.1.45",
              "tags": null
            },
            "meta": {
              "schema_version": "1",
              "created": "2023-03-15T10:23:45Z"
            }
          }
        },
        "aws_instance.app-server": {
          "type": "aws_instance",
          "depends_on": ["aws_security_group.app-sg"],
          "primary": {
            "id": "i-9h8g7f6e5d4c3b2a1",
            "attributes": {
              "ami": "ami-0c55b159cbfafe1f0",
              "instance_type": "t3.medium",
              "availability_zone": "us-east-1b",
              "private_ip": "10.0.2.88",
              "tags": {
                "Name": "app-server",
                "Environment": "test"
              }
            },
            "meta": {
              "schema_version": "1",
              "created": "2023-05-22T14:12:33Z"
            }
          }
        },
        "aws_instance.database-server": {
          "type": "aws_instance",
          "depends_on": [],
          "primary": {
            "id": "i-1122334455667788",
            "attributes": {
              "ami": null,
              "instance_type": "t2.large",
              "availability_zone": "us-east-1c",
              "private_ip": "10.0.3.12",
              "tags": {}
            },
            "meta": {
              "schema_version": "1",
              "created": "2023-07-08T09:45:21Z"
            }
          }
        },
        "aws_s3_bucket.logs-bucket": {
          "type": "aws_s3_bucket",
          "depends_on": [],
          "primary": {
            "id": "test-logs-bucket-2023",
            "attributes": {
              "bucket": "test-logs-bucket-2023",
              "region": "us-east-1",
              "acl": "private",
              "versioning": {
                "enabled": true
              },
              "tags": {
                "Environment": "test",
                "Owner": "devops-team",
                "CostCenter": "engineering"
              }
            },
            "meta": {
              "schema_version": "0",
              "created": "2023-02-10T08:30:15Z"
            }
          }
        },
        "aws_s3_bucket.data-bucket": {
          "type": "aws_s3_bucket",
          "depends_on": [],
          "primary": {
            "id": "production-data-archive",
            "attributes": {
              "bucket": "production-data-archive",
              "region": "us-east-1",
              "acl": null,
              "versioning": null,
              "tags": {
                "Name": "production-data-archive",
                "CostCenter": "finance"
              }
            },
            "meta": {
              "schema_version": "0",
              "created": "2023-09-18T16:22:44Z"
            }
          }
        },
        "aws_s3_bucket.backup-bucket": {
          "type": "aws_s3_bucket",
          "depends_on": [],
          "primary": {
            "id": "test-backup-storage",
            "attributes": {
              "bucket": "test-backup-storage",
              "region": "us-west-2",
              "acl": "private",
              "tags": null
            },
            "meta": null
          }
        },
        "aws_security_group.app-sg": {
          "type": "aws_security_group",
          "depends_on": ["aws_vpc.main"],
          "primary": {
            "id": "sg-0a1b2c3d4e5f6g7h8",
            "attributes": {
              "name": "application-sg",
              "description": "Security group for application servers",
              "vpc_id": "vpc-12345678",
              "ingress": [],
              "egress": [],
              "tags": {}
            },
            "meta": {
              "schema_version": "1",
              "created": "2023-04-05T11:15:00Z"
            }
          }
        },
        "aws_security_group.web-sg": {
          "type": "aws_security_group",
          "depends_on": [],
          "primary": {
            "id": "sg-9h8g7f6e5d4c3b2a1",
            "attributes": {
              "name": "web-tier-sg",
              "description": null,
              "vpc_id": "vpc-12345678",
              "tags": {
                "Owner": "platform-team"
              }
            },
            "meta": {
              "schema_version": "1",
              "created": "2023-06-12T13:48:29Z"
            }
          }
        },
        "aws_db_instance.main-db": {
          "type": "aws_db_instance",
          "depends_on": ["aws_security_group.app-sg"],
          "primary": {
            "id": "test-postgres-db",
            "attributes": {
              "identifier": "test-postgres-db",
              "engine": "postgres",
              "engine_version": "13.7",
              "instance_class": "db.t3.medium",
              "allocated_storage": 100,
              "storage_encrypted": true,
              "tags": {
                "Environment": "test",
                "Owner": "data-team",
                "CostCenter": "engineering"
              }
            },
            "meta": {
              "schema_version": "1",
              "created": "2023-08-25T10:05:17Z"
            }
          }
        },
        "aws_vpc.main": {
          "type": "aws_vpc",
          "depends_on": [],
          "primary": {
            "id": "vpc-12345678",
            "attributes": {
              "cidr_block": "10.0.0.0/16",
              "enable_dns_hostnames": true,
              "enable_dns_support": true,
              "tags": {
                "Name": "test-vpc",
                "Environment": "test"
              }
            },
            "meta": {
              "schema_version": "1",
              "created": "2023-01-20T07:12:33Z"
            }
          }
        },
        "aws_vpc.secondary": {
          "type": "aws_vpc",
          "depends_on": [],
          "primary": {
            "id": "vpc-87654321",
            "attributes": {
              "cidr_block": "172.16.0.0/16",
              "enable_dns_hostnames": null,
              "enable_dns_support": true,
              "tags": null
            },
            "meta": {
              "schema_version": "1",
              "created": "2023-11-03T15:30:42Z"
            }
          }
        }
      },
      "depends_on": []
    }
  ]
}