{
  "version": 4,
  "terraform_version": "1.5.3",
  "serial": 1,
  "lineage": "a7f3c8e1-4d2b-4a9c-8f1e-3b5d7c9e2f4a",
  "outputs": {},
  "resources": [
    {
      "mode": "managed",
      "type": "aws_cognito_user_pool",
      "name": "dev_users",
      "provider": "provider[\"registry.terraform.io/hashicorp/aws\"]",
      "instances": [
        {
          "schema_version": 0,
          "attributes": {
            "id": "us-east-1_DevPool01",
            "arn": "arn:aws:cognito-idp:us-east-1:123456789012:userpool/us-east-1_DevPool01",
            "name": "dev-user-pool",
            "password_policy": {
              "minimum_length": 8,
              "require_lowercase": true,
              "require_numbers": true,
              "require_symbols": true,
              "require_uppercase": true,
              "temporary_password_validity_days": 7
            },
            "admin_create_user_config": {
              "allow_admin_create_user_only": false,
              "invite_message_template": {
                "email_message": "Your username is {username} and temporary password is {####}.",
                "email_subject": "Your temporary password",
                "sms_message": "Your username is {username} and temporary password is {####}."
              }
            },
            "app_client_secret": "dev-cognito-client-secret-1a2b3c4d5e6f",
            "mfa_configuration": "OPTIONAL",
            "email_configuration": {
              "email_sending_account": "COGNITO_DEFAULT"
            },
            "auto_verified_attributes": ["email"],
            "verification_message_template": {
              "default_email_option": "CONFIRM_WITH_CODE"
            }
          }
        }
      ]
    },
    {
      "mode": "managed",
      "type": "aws_sns_topic",
      "name": "notifications",
      "provider": "provider[\"registry.terraform.io/hashicorp/aws\"]",
      "instances": [
        {
          "schema_version": 0,
          "attributes": {
            "id": "arn:aws:sns:us-east-1:123456789012:dev-notifications",
            "arn": "arn:aws:sns:us-east-1:123456789012:dev-notifications",
            "name": "dev-notifications",
            "display_name": "Development Notifications",
            "policy": "",
            "delivery_policy": "",
            "application_success_feedback_role_arn": "",
            "application_success_feedback_sample_rate": 0,
            "application_failure_feedback_role_arn": "",
            "http_success_feedback_role_arn": "",
            "http_success_feedback_sample_rate": 0,
            "http_failure_feedback_role_arn": "",
            "kms_master_key_id": "",
            "subscription": {
              "protocol": "https",
              "endpoint": "https://hooks.slack.com/services/DEV/SECRET/TOKEN123",
              "webhook_url": "https://hooks.slack.com/services/DEV/SECRET/TOKEN123",
              "authentication_token": "dev-sns-auth-token-xyz789",
              "raw_message_delivery": false,
              "filter_policy": ""
            },
            "tags": {
              "Environment": "development",
              "ManagedBy": "Terraform"
            },
            "tags_all": {
              "Environment": "development",
              "ManagedBy": "Terraform"
            }
          }
        }
      ]
    }
  ]
}