{
  "version": 4,
  "terraform_version": "1.3.5",
  "serial": 7,
  "lineage": "a3f8b2c1-4d6e-4f9a-b8c3-1e5f7a9b2d4c",
  "outputs": {},
  "resources": [
    {
      "mode": "managed",
      "type": "github_repository_deploy_key",
      "name": "app_deploy_key",
      "provider": "provider[\"registry.terraform.io/integrations/github\"]",
      "instances": [
        {
          "schema_version": 0,
          "attributes": {
            "id": "12345678",
            "key": "ssh-ed25519 AAAAC3NzaC1lZDI1NTE5AAAAIMqKn8Z9dF3j5K6LmN7pQ8rS9tU0vW1xY2zA3bC4dD5e",
            "repository": "my-app",
            "title": "Deploy Key",
            "read_only": false
          }
        }
      ]
    },
    {
      "mode": "managed",
      "type": "stripe_api_key",
      "name": "payment_gateway",
      "provider": "provider[\"registry.terraform.io/stripe/stripe\"]",
      "instances": [
        {
          "schema_version": 0,
          "attributes": {
            "id": "stripe_key_01",
            "secret_key": "sk_test_51ABCdefGHIjklMNO12pqr34STUvwx56YZabcd78EFghij90KLmnop12QRstuv34WXyz",
            "publishable_key": "pk_test_51ABCdefGHIjklMNO12pqr34STUvwx56YZ",
            "environment": "test"
          }
        }
      ]
    },
    {
      "mode": "managed",
      "type": "redis_cache",
      "name": "session_cache",
      "provider": "provider[\"registry.terraform.io/hashicorp/azurerm\"]",
      "instances": [
        {
          "schema_version": 0,
          "attributes": {
            "id": "/subscriptions/12345/resourceGroups/rg-dev/providers/Microsoft.Cache/Redis/session-cache",
            "name": "session-cache",
            "auth_token": "R3d1s_T0k3n_2023_XyZ!",
            "primary_connection_string": "redis://:R3d1s_T0k3n_2023_XyZ!@localhost:6379",
            "hostname": "localhost",
            "port": 6379,
            "ssl_port": 6380
          }
        }
      ]
    }
  ]
}