{
  "version": 4,
  "terraform_version": "1.4.7",
  "serial": 6,
  "lineage": "a7f3c8e9-4b2d-4e1a-9c3f-8d7e6f5a4b3c",
  "outputs": {},
  "resources": [
    {
      "mode": "managed",
      "type": "aws_eks_cluster",
      "name": "staging",
      "provider": "provider[\"registry.terraform.io/hashicorp/aws\"]",
      "instances": [
        {
          "schema_version": 0,
          "attributes": {
            "id": "staging-eks",
            "arn": "arn:aws:eks:us-west-2:123456789012:cluster/staging-eks",
            "name": "staging-eks",
            "endpoint": "https://A1B2C3D4E5F6.gr7.us-west-2.eks.amazonaws.com",
            "certificate_authority": [
              {
                "data": "LS0tLS1CRUdJTiBDRVJUSUZJQ0FURS0tLS0tCk1JSURCVENDQWUyZ0F3SUJBZ0lJZGRMSjhHMzBKRGd3RFFZSktvWklodmNOQVFFTEJRQXdGVEVUTUJFR0ExVUUKQXhNS2EzVmlaWEp1WlhSbGN6QWVGdzB5TkRBeE1UVXhNREF3TURCYUZ3MHpOREF4TVRJeE1EQTFNREJhTUJVeApFekFSQmdOVkJBTVRDbXQxWW1WeWJtVjBaWE13Z2dFaU1BMEdDU3FHU0liM0RRRUJBUVVBQTRJQkR3QXdnZ0VLCkFvSUJBUURlcGE3SkxYbG1vZXYxMWZnPT0KLS0tLS1FTkQgQ0VSVElGSUNBVEUtLS0tLQo="
              }
            ],
            "master_auth": [
              {
                "client_certificate_data": "LS0tLS1CRUdJTiBDRVJUSUZJQ0FURS0tLS0tCk1JSURJVENDQWdtZ0F3SUJBZ0lJZGRMSjhHMzBKRGd3RFFZSktvWklodmNOQVFFTEJRQXdGVEVUTUJFR0ExVUUKQXhNS2EzVmlaWEp1WlhSbGN6QWVGdzB5TkRBeE1UVXhNREF3TURCYUZ3MHpOREF4TVRJeE1EQTFNREJhTUJVeApFekFSQmdOVkJBTVRDbXQxWW1WeWJtVjBaWE13Z2dFaU1BMEdDU3FHU0liM0RRRUJBUVVBQTRJQkR3QXdnZ0VLCkFvSUJBUURlcGE3SkxYbG1vZXYxMWZnVHRRPT0KLS0tLS1FTkQgQ0VSVElGSUNBVEUtLS0tLQo=",
                "client_key_data": "LS0tLS1CRUdJTiBSU0EgUFJJVkFURSBLRVktLS0tLQpNSUlFcEFJQkFBS0NBUUVBdGRFOFI3OGRzcnJiV1FySnJvTjBhQ2ZCL09zZVEvdnlVSDJLNmxhYXZKWU9FQnRoCnRIdXZTNXhXazNIcW9yZDZuOGhCOFl3bjNWZ3JTQzFHWVFLQmdRRGxTZ0pwMGxYM3ZSNVg2V2xTOENGdEFmTEoKaHFweFRYRGgxU0tHZW1vS0hBZ01CQUFFPQotLS0tLUVORCBSU0EgUFJJVkFURSBLRVktLS0tLQo=",
                "cluster_ca_certificate": "LS0tLS1CRUdJTiBDRVJUSUZJQ0FURS0tLS0tCk1JSURCVENDQWUyZ0F3SUJBZ0lJZGRMSjhHMzBKRGd3RFFZSktvWklodmNOQVFFTEJRQXdGVEVUTUJFR0ExVUUKQXhNS2EzVmlaWEp1WlhSbGN6QWVGdzB5TkRBeE1UVXhNREF3TURCYUZ3MHpOREF4TVRJeE1EQTFNREJhTUJVeApFekFSQmdOVkJBTVRDbXQxWW1WeWJtVjBaWE13Z2dFaU1BMEdDU3FHU0liM0RRRUJBUVVBQTRJQkR3QXdnZ0VLCkFvSUJBUURlcGE3SkxYbG1vZXYxMWZnPT0KLS0tLS1FTkQgQ0VSVElGSUNBVEUtLS0tLQo="
              }
            ],
            "service_account_token": "stg-k8s-token-eyJhbGciOiJSUzI1NiIs",
            "role_arn": "arn:aws:iam::123456789012:role/staging-eks-cluster-role",
            "version": "1.27",
            "platform_version": "eks.5",
            "status": "ACTIVE",
            "created_at": "2024-01-15T10:00:00Z"
          }
        }
      ]
    },
    {
      "mode": "managed",
      "type": "aws_ssm_parameter",
      "name": "secrets",
      "provider": "provider[\"registry.terraform.io/hashicorp/aws\"]",
      "instances": [
        {
          "schema_version": 0,
          "attributes": {
            "id": "/staging/app/secrets",
            "arn": "arn:aws:ssm:us-west-2:123456789012:parameter/staging/app/secrets",
            "name": "/staging/app/secrets",
            "type": "SecureString",
            "value": "{\"jwt_secret\": \"stg-jwt-secret-key-2024\", \"encryption_key\": \"stg-aes256-key-abcd1234\"}",
            "version": 3,
            "tier": "Standard",
            "key_id": "alias/aws/ssm",
            "description": "Application secrets for staging environment",
            "tags": {
              "Environment": "staging",
              "ManagedBy": "terraform"
            }
          }
        }
      ]
    }
  ]
}