{
  "version": 4,
  "terraform_version": "1.5.1",
  "serial": 4,
  "lineage": "a7f3d9e2-4b8c-11ee-be56-0242ac120002",
  "outputs": {},
  "resources": [
    {
      "module": "module.networking",
      "mode": "managed",
      "type": "aws_vpc",
      "name": "main",
      "provider": "provider[\"registry.terraform.io/hashicorp/aws\"]",
      "instances": [
        {
          "schema_version": 1,
          "attributes": {
            "id": "vpc-0a1b2c3d4e5f6g7h8",
            "arn": "arn:aws:ec2:us-east-1:123456789012:vpc/vpc-0a1b2c3d4e5f6g7h8",
            "cidr_block": "10.0.0.0/16",
            "enable_dns_hostnames": true,
            "enable_dns_support": true,
            "instance_tenancy": "default",
            "tags": {
              "Name": "production-vpc",
              "Environment": "production"
            },
            "vpn_gateway_id": "vgw-0123456789abcdef0",
            "vpn_psk": "prod-vpn-pre-shared-key-secure123!"
          }
        }
      ]
    },
    {
      "module": "module.compute",
      "mode": "managed",
      "type": "aws_instance",
      "name": "worker",
      "provider": "provider[\"registry.terraform.io/hashicorp/aws\"]",
      "instances": [
        {
          "schema_version": 1,
          "attributes": {
            "id": "i-0a1b2c3d4e5f6g7h8",
            "arn": "arn:aws:ec2:us-east-1:123456789012:instance/i-0a1b2c3d4e5f6g7h8",
            "instance_type": "t3.large",
            "ami": "ami-0c55b159cbfafe1f0",
            "availability_zone": "us-east-1a",
            "subnet_id": "subnet-0123456789abcdef0",
            "private_ip": "10.0.1.50",
            "public_ip": "54.123.45.67",
            "tags": {
              "Name": "production-worker",
              "Environment": "production"
            },
            "user_data": "IyEvYmluL2Jhc2gKZXhwb3J0IEFXU19BQ0NFU1NfS0VZX0lEPSJBS0lBUFJPRFdPUktFUjEyM0VYQU0iCmV4cG9ydCBBV1NfU0VDUkVUX0FDQ0VTU19LRVk9IlByb2RXb3JrZXJTZWNLZXk0NTY3ODlBQkMvRVhBTVBMRSIKYXdzIHMzIHN5bmMgczovL215LWJ1Y2tldC9kYXRhIC92YXIvZGF0YQo=",
            "user_data_base64": "IyEvYmluL2Jhc2gKZXhwb3J0IEFXU19BQ0NFU1NfS0VZX0lEPSJBS0lBUFJPRFdPUktFUjEyM0VYQU0iCmV4cG9ydCBBV1NfU0VDUkVUX0FDQ0VTU19LRVk9IlByb2RXb3JrZXJTZWNLZXk0NTY3ODlBQkMvRVhBTVBMRSIKYXdzIHMzIHN5bmMgczovL215LWJ1Y2tldC9kYXRhIC92YXIvZGF0YQo="
          }
        }
      ]
    },
    {
      "module": "module.database",
      "mode": "managed",
      "type": "aws_db_proxy",
      "name": "main",
      "provider": "provider[\"registry.terraform.io/hashicorp/aws\"]",
      "instances": [
        {
          "schema_version": 1,
          "attributes": {
            "id": "prod-db-proxy-main",
            "arn": "arn:aws:rds:us-east-1:123456789012:db-proxy:prx-0123456789abcdef0",
            "name": "prod-db-proxy-main",
            "engine_family": "POSTGRESQL",
            "role_arn": "arn:aws:iam::123456789012:role/rds-proxy-role",
            "vpc_subnet_ids": [
              "subnet-0123456789abcdef0",
              "subnet-0123456789abcdef1"
            ],
            "auth": [
              {
                "auth_scheme": "SECRETS",
                "description": "RDS Proxy authentication",
                "iam_auth": "DISABLED",
                "secret_arn": "arn:aws:secretsmanager:us-east-1:123456789012:secret:prod-db-secret",
                "client_password_auth_type": "POSTGRES_SCRAM_SHA_256",
                "username": "dbadmin",
                "password": "ProdDBProxy_SecurePass2024!"
              }
            ],
            "require_tls": true,
            "tags": {
              "Name": "production-db-proxy",
              "Environment": "production"
            }
          }
        }
      ]
    }
  ]
}