{
  "version": 4,
  "terraform_version": "1.5.0",
  "serial": 1,
  "lineage": "a3f8b9c2-4d7e-4a1b-9c3d-8e5f7a2b4c6d",
  "outputs": {},
  "resources": [
    {
      "mode": "managed",
      "type": "aws_instance",
      "name": "web_server",
      "provider": "provider[\"registry.terraform.io/hashicorp/aws\"]",
      "instances": [
        {
          "schema_version": 0,
          "attributes": {
            "id": "i-0a1b2c3d4e5f6g7h8",
            "instance_type": "t2.micro",
            "ami": "ami-0c55b159cbfafe1f0",
            "availability_zone": "us-east-1a",
            "private_ip": "10.0.1.10",
            "public_ip": "54.123.45.67",
            "tags": {
              "Name": "dev-web-server",
              "Environment": "dev"
            }
          }
        }
      ]
    },
    {
      "mode": "managed",
      "type": "aws_instance",
      "name": "app_server",
      "provider": "provider[\"registry.terraform.io/hashicorp/aws\"]",
      "instances": [
        {
          "schema_version": 0,
          "attributes": {
            "id": "i-9h8g7f6e5d4c3b2a1",
            "instance_type": "t2.small",
            "ami": "ami-0c55b159cbfafe1f0",
            "availability_zone": "us-east-1b",
            "private_ip": "10.0.2.20",
            "public_ip": "54.234.56.78",
            "tags": {
              "Name": "dev-app-server",
              "Environment": "dev"
            }
          }
        }
      ]
    },
    {
      "mode": "managed",
      "type": "aws_s3_bucket",
      "name": "data_bucket",
      "provider": "provider[\"registry.terraform.io/hashicorp/aws\"]",
      "instances": [
        {
          "schema_version": 0,
          "attributes": {
            "id": "dev-data-bucket-2024",
            "bucket": "dev-data-bucket-2024",
            "arn": "arn:aws:s3:::dev-data-bucket-2024",
            "region": "us-east-1",
            "tags": {
              "Name": "dev-data-bucket",
              "Environment": "dev"
            }
          }
        }
      ]
    },
    {
      "mode": "managed",
      "type": "aws_vpc",
      "name": "main_vpc",
      "provider": "provider[\"registry.terraform.io/hashicorp/aws\"]",
      "instances": [
        {
          "schema_version": 0,
          "attributes": {
            "id": "vpc-0a1b2c3d4e5f6g7h8",
            "cidr_block": "10.0.0.0/16",
            "enable_dns_hostnames": true,
            "enable_dns_support": true,
            "tags": {
              "Name": "dev-main-vpc",
              "Environment": "dev"
            }
          }
        }
      ]
    },
    {
      "mode": "managed",
      "type": "aws_security_group",
      "name": "web_sg",
      "provider": "provider[\"registry.terraform.io/hashicorp/aws\"]",
      "instances": [
        {
          "schema_version": 0,
          "attributes": {
            "id": "sg-0a1b2c3d4e5f6g7h8",
            "name": "dev-web-security-group",
            "description": "Security group for web servers",
            "vpc_id": "vpc-0a1b2c3d4e5f6g7h8",
            "tags": {
              "Name": "dev-web-sg",
              "Environment": "dev"
            }
          }
        }
      ]
    },
    {
      "mode": "managed",
      "type": "aws_rds_instance",
      "name": "database",
      "provider": "provider[\"registry.terraform.io/hashicorp/aws\"]",
      "instances": [
        {
          "schema_version": 0,
          "attributes": {
            "id": "dev-database-instance",
            "identifier": "dev-database-instance",
            "engine": "postgres",
            "engine_version": "14.7",
            "instance_class": "db.t3.micro",
            "allocated_storage": 20,
            "db_name": "devdb",
            "endpoint": "dev-database-instance.c9akciq32.us-east-1.rds.amazonaws.com:5432",
            "tags": {
              "Name": "dev-database",
              "Environment": "dev"
            }
          }
        }
      ]
    }
  ]
}