{
  "version": 4,
  "terraform_version": "1.4.6",
  "serial": 3,
  "lineage": "7f8e9d2a-4b5c-6d7e-8f9a-0b1c2d3e4f5a",
  "outputs": {},
  "resources": [
    {
      "mode": "managed",
      "type": "aws_instance",
      "name": "app_server",
      "provider": "provider[\"registry.terraform.io/hashicorp/aws\"]",
      "instances": [
        {
          "schema_version": 1,
          "attributes": {
            "id": "i-0abcd1234efgh5678",
            "arn": "arn:aws:ec2:us-east-1:123456789012:instance/i-0abcd1234efgh5678",
            "instance_type": "t2.small",
            "access_key": "AKIAIOSFODNN7EXAMPLE",
            "secret_key": "wJalrXUtnFEMI/K7MDENG/bPxRfiCYEXAMPLEKEY",
            "ami": "ami-0c55b159cbfafe1f0",
            "availability_zone": "us-east-1a",
            "private_ip": "10.0.1.45",
            "public_ip": "54.123.45.67",
            "subnet_id": "subnet-0bb1c79de3EXAMPLE",
            "vpc_security_group_ids": ["sg-0123456789abcdef0"],
            "tags": {
              "Name": "staging-app-server",
              "Environment": "staging"
            }
          }
        }
      ]
    },
    {
      "mode": "managed",
      "type": "aws_db_instance",
      "name": "staging_db",
      "provider": "provider[\"registry.terraform.io/hashicorp/aws\"]",
      "instances": [
        {
          "schema_version": 2,
          "attributes": {
            "id": "staging-mysql-db-20240115",
            "arn": "arn:aws:rds:us-east-1:123456789012:db:staging-mysql-db-20240115",
            "engine": "mysql",
            "engine_version": "8.0.35",
            "username": "dbadmin",
            "password": "Staging_MyS3cr3t!",
            "endpoint": "staging-db.internal:3306",
            "address": "staging-db.internal",
            "port": 3306,
            "db_name": "stagingdb",
            "instance_class": "db.t3.medium",
            "allocated_storage": 100,
            "storage_type": "gp2",
            "multi_az": false,
            "publicly_accessible": false,
            "vpc_security_group_ids": ["sg-0987654321fedcba0"],
            "db_subnet_group_name": "staging-db-subnet-group",
            "tags": {
              "Name": "staging-database",
              "Environment": "staging"
            }
          }
        }
      ]
    },
    {
      "mode": "managed",
      "type": "aws_secretsmanager_secret",
      "name": "api_keys",
      "provider": "provider[\"registry.terraform.io/hashicorp/aws\"]",
      "instances": [
        {
          "schema_version": 0,
          "attributes": {
            "id": "arn:aws:secretsmanager:us-east-1:123456789012:secret:staging-api-keys-AbCdEf",
            "arn": "arn:aws:secretsmanager:us-east-1:123456789012:secret:staging-api-keys-AbCdEf",
            "name": "staging-api-keys",
            "description": "API keys for staging environment services",
            "secret_string": "{\"api_key\":\"stg-api-key-xyz789abc123\",\"service\":\"payment-gateway\"}",
            "recovery_window_in_days": 30,
            "tags": {
              "Environment": "staging",
              "ManagedBy": "terraform"
            }
          }
        }
      ]
    }
  ]
}